
Microsoft Visual Studio Solution File, Format Version 12.00
# Visual Studio 15
VisualStudioVersion = 15.0.27130.2027
MinimumVisualStudioVersion = 10.0.40219.1
Project("{FAE04EC0-301F-11D3-BF4B-00C04F79EFBC}") = "comic-book-gallery", "comic-book-gallery\comic-book-gallery.csproj", "{C4088022-7B4F-450C-8E55-6EB0F930DD7E}"
EndProject
Global
	GlobalSection(SolutionConfigurationPlatforms) = preSolution
		Debug|Any CPU = Debug|Any CPU
		Release|Any CPU = Release|Any CPU
	EndGlobalSection
	GlobalSection(ProjectConfigurationPlatforms) = postSolution
		{C4088022-7B4F-450C-8E55-6EB0F930DD7E}.Debug|Any CPU.ActiveCfg = Debug|Any CPU
		{C4088022-7B4F-450C-8E55-6EB0F930DD7E}.Debug|Any CPU.Build.0 = Debug|Any CPU
		{C4088022-7B4F-450C-8E55-6EB0F930DD7E}.Release|Any CPU.ActiveCfg = Release|Any CPU
		{C4088022-7B4F-450C-8E55-6EB0F930DD7E}.Release|Any CPU.Build.0 = Release|Any CPU
	EndGlobalSection
	GlobalSection(SolutionProperties) = preSolution
		HideSolutionNode = FALSE
	EndGlobalSection
	GlobalSection(ExtensibilityGlobals) = postSolution
		SolutionGuid = {1684DF75-BB37-4841-B094-48A47A3F7155}
	EndGlobalSection
EndGlobal
